
Microsoft Visual Studio Solution File, Format Version 12.00
# Visual Studio 15
VisualStudioVersion = 15.0.28307.421
MinimumVisualStudioVersion = 10.0.40219.1
Project("{FAE04EC0-301F-11D3-BF4B-00C04F79EFBC}") = "skymigration", "skymigration\skymigration.csproj", "{2628D7C1-D45A-49AC-908D-66BF22A76727}"
EndProject
Global
	GlobalSection(SolutionConfigurationPlatforms) = preSolution
		Debug|Any CPU = Debug|Any CPU
		Release|Any CPU = Release|Any CPU
	EndGlobalSection
	GlobalSection(ProjectConfigurationPlatforms) = postSolution
		{2628D7C1-D45A-49AC-908D-66BF22A76727}.Debug|Any CPU.ActiveCfg = Debug|Any CPU
		{2628D7C1-D45A-49AC-908D-66BF22A76727}.Debug|Any CPU.Build.0 = Debug|Any CPU
		{2628D7C1-D45A-49AC-908D-66BF22A76727}.Release|Any CPU.ActiveCfg = Release|Any CPU
		{2628D7C1-D45A-49AC-908D-66BF22A76727}.Release|Any CPU.Build.0 = Release|Any CPU
	EndGlobalSection
	GlobalSection(SolutionProperties) = preSolution
		HideSolutionNode = FALSE
	EndGlobalSection
	GlobalSection(ExtensibilityGlobals) = postSolution
		SolutionGuid = {4C311F8E-94AA-4580-B1B8-787FCA4D36A6}
	EndGlobalSection
EndGlobal
